{
  "version": 1,
  "dependencies": {
    "net10.0-windows10.0.19041": {
      "EasyExtensions.Analyzers": {
        "type": "Direct",
        "requested": "[3.0.73, )",
        "resolved": "3.0.73",
        "contentHash": "pv/obupqhzCei2lZ2ToavcRtlTu49vr7n8Ny55KeT2LaKfOMpmL3WbhXhWcZwahruy8Vq1Zd5wnhFSNWnpv9Ww=="
      },
      "Microsoft.NET.ILLink.Tasks": {
        "type": "Direct",
        "requested": "[10.0.9, )",
        "resolved": "10.0.9",
        "contentHash": "4Iw41e2h7I4t70SJcX2GCmbyKJIlA273Cfm9RJMM050/3VBejGAG1KcthP5Z2L6SQcbfbf6BhNWO26+ZG+GzMg=="
      }
    },
    "net10.0-windows10.0.19041/win-x64": {}
  }
}